
Microsoft Visual Studio Solution File, Format Version 12.00
# Visual Studio Version 17
VisualStudioVersion = 17.6.33829.357
MinimumVisualStudioVersion = 10.0.40219.1
Project("{FAE04EC0-301F-11D3-BF4B-00C04F79EFBC}") = "KeyRemap", "KeyRemap.csproj", "{0DE24EC6-E568-4AE0-8769-C92480C5E873}"
EndProject
Project("{FAE04EC0-301F-11D3-BF4B-00C04F79EFBC}") = "KeyRemap.Tests", "..\KeyRemap.Tests\KeyRemap.Tests.csproj", "{5E8CFAFD-310E-4725-A61A-F798BE5C76CB}"
EndProject
Global
	GlobalSection(SolutionConfigurationPlatforms) = preSolution
		Debug|Any CPU = Debug|Any CPU
		Release|Any CPU = Release|Any CPU
	EndGlobalSection
	GlobalSection(ProjectConfigurationPlatforms) = postSolution
		{0DE24EC6-E568-4AE0-8769-C92480C5E873}.Debug|Any CPU.ActiveCfg = Debug|Any CPU
		{0DE24EC6-E568-4AE0-8769-C92480C5E873}.Debug|Any CPU.Build.0 = Debug|Any CPU
		{0DE24EC6-E568-4AE0-8769-C92480C5E873}.Release|Any CPU.ActiveCfg = Release|Any CPU
		{0DE24EC6-E568-4AE0-8769-C92480C5E873}.Release|Any CPU.Build.0 = Release|Any CPU
		{5E8CFAFD-310E-4725-A61A-F798BE5C76CB}.Debug|Any CPU.ActiveCfg = Debug|Any CPU
		{5E8CFAFD-310E-4725-A61A-F798BE5C76CB}.Debug|Any CPU.Build.0 = Debug|Any CPU
		{5E8CFAFD-310E-4725-A61A-F798BE5C76CB}.Release|Any CPU.ActiveCfg = Release|Any CPU
		{5E8CFAFD-310E-4725-A61A-F798BE5C76CB}.Release|Any CPU.Build.0 = Release|Any CPU
	EndGlobalSection
	GlobalSection(SolutionProperties) = preSolution
		HideSolutionNode = FALSE
	EndGlobalSection
	GlobalSection(ExtensibilityGlobals) = postSolution
		SolutionGuid = {406D6100-AFD6-49FE-AC02-0E7D4FB0B682}
	EndGlobalSection
EndGlobal
